
Microsoft Visual Studio Solution File, Format Version 12.00
# Visual Studio 15
VisualStudioVersion = 15.0.27130.2020
MinimumVisualStudioVersion = 10.0.40219.1
Project("{9A19103F-16F7-4668-BE54-9A1E7A4F7556}") = "WebServis", "WebServis\WebServis.csproj", "{3B0EA53B-360F-4759-88BB-A173EDDC9FC2}"
EndProject
Project("{9A19103F-16F7-4668-BE54-9A1E7A4F7556}") = "WebServis.DAL", "WebServis.DAL\WebServis.DAL.csproj", "{2DBD14EF-1F71-4E66-9E69-A15224D480D9}"
EndProject
Project("{FAE04EC0-301F-11D3-BF4B-00C04F79EFBC}") = "GoogleAuthenticationProject", "GoogleAuthenticationProject\GoogleAuthenticationProject.csproj", "{A8E1FB44-4723-40B9-BFE1-A6F65559914A}"
EndProject
Global
	GlobalSection(SolutionConfigurationPlatforms) = preSolution
		Debug|Any CPU = Debug|Any CPU
		Release|Any CPU = Release|Any CPU
	EndGlobalSection
	GlobalSection(ProjectConfigurationPlatforms) = postSolution
		{3B0EA53B-360F-4759-88BB-A173EDDC9FC2}.Debug|Any CPU.ActiveCfg = Debug|Any CPU
		{3B0EA53B-360F-4759-88BB-A173EDDC9FC2}.Debug|Any CPU.Build.0 = Debug|Any CPU
		{3B0EA53B-360F-4759-88BB-A173EDDC9FC2}.Release|Any CPU.ActiveCfg = Release|Any CPU
		{3B0EA53B-360F-4759-88BB-A173EDDC9FC2}.Release|Any CPU.Build.0 = Release|Any CPU
		{2DBD14EF-1F71-4E66-9E69-A15224D480D9}.Debug|Any CPU.ActiveCfg = Debug|Any CPU
		{2DBD14EF-1F71-4E66-9E69-A15224D480D9}.Debug|Any CPU.Build.0 = Debug|Any CPU
		{2DBD14EF-1F71-4E66-9E69-A15224D480D9}.Release|Any CPU.ActiveCfg = Release|Any CPU
		{2DBD14EF-1F71-4E66-9E69-A15224D480D9}.Release|Any CPU.Build.0 = Release|Any CPU
		{A8E1FB44-4723-40B9-BFE1-A6F65559914A}.Debug|Any CPU.ActiveCfg = Debug|Any CPU
		{A8E1FB44-4723-40B9-BFE1-A6F65559914A}.Debug|Any CPU.Build.0 = Debug|Any CPU
		{A8E1FB44-4723-40B9-BFE1-A6F65559914A}.Release|Any CPU.ActiveCfg = Release|Any CPU
		{A8E1FB44-4723-40B9-BFE1-A6F65559914A}.Release|Any CPU.Build.0 = Release|Any CPU
	EndGlobalSection
	GlobalSection(SolutionProperties) = preSolution
		HideSolutionNode = FALSE
	EndGlobalSection
	GlobalSection(ExtensibilityGlobals) = postSolution
		SolutionGuid = {971B7FFE-6333-47ED-908E-34518A95AFD1}
	EndGlobalSection
EndGlobal
